// !$*UTF8*$!
{
	archiveVersion = 1;
	classes = {
	};
	objectVersion = 50;
	objects = {

/* Begin PBXBuildFile section */
		07EE841920E0F47F00D9C9A6 /* AppDelegate.m in Sources */ = {isa = PBXBuildFile; fileRef = 07EE841820E0F47F00D9C9A6 /* AppDelegate.m */; };
		07EE841F20E0F47F00D9C9A6 /* Main.storyboard in Resources */ = {isa = PBXBuildFile; fileRef = 07EE841D20E0F47F00D9C9A6 /* Main.storyboard */; };
		07EE842120E0F48200D9C9A6 /* Assets.xcassets in Resources */ = {isa = PBXBuildFile; fileRef = 07EE842020E0F48200D9C9A6 /* Assets.xcassets */; };
		07EE842420E0F48200D9C9A6 /* LaunchScreen.storyboard in Resources */ = {isa = PBXBuildFile; fileRef = 07EE842220E0F48200D9C9A6 /* LaunchScreen.storyboard */; };
		07EE842720E0F48200D9C9A6 /* main.m in Sources */ = {isa = PBXBuildFile; fileRef = 07EE842620E0F48200D9C9A6 /* main.m */; };
		3137865220E1DDE600DB91CF /* FatherView_VC.m in Sources */ = {isa = PBXBuildFile; fileRef = 3137865120E1DDE600DB91CF /* FatherView_VC.m */; };
		3137865520E1DE0100DB91CF /* FatherTableView_VC.m in Sources */ = {isa = PBXBuildFile; fileRef = 3137865420E1DE0100DB91CF /* FatherTableView_VC.m */; };
		3137865820E1DE5800DB91CF /* Index_VC.m in Sources */ = {isa = PBXBuildFile; fileRef = 3137865720E1DE5800DB91CF /* Index_VC.m */; };
		3137865C20E1E04A00DB91CF /* PublicMethod.m in Sources */ = {isa = PBXBuildFile; fileRef = 3137865B20E1E04A00DB91CF /* PublicMethod.m */; };
		31513B6E20E5C0750056ECB3 /* IQTextView.m in Sources */ = {isa = PBXBuildFile; fileRef = 31513B4B20E5C0750056ECB3 /* IQTextView.m */; };
		31513B6F20E5C0750056ECB3 /* IQToolbar.m in Sources */ = {isa = PBXBuildFile; fileRef = 31513B4F20E5C0750056ECB3 /* IQToolbar.m */; };
		31513B7020E5C0750056ECB3 /* IQTitleBarButtonItem.m in Sources */ = {isa = PBXBuildFile; fileRef = 31513B5120E5C0750056ECB3 /* IQTitleBarButtonItem.m */; };
		31513B7120E5C0750056ECB3 /* IQBarButtonItem.m in Sources */ = {isa = PBXBuildFile; fileRef = 31513B5220E5C0750056ECB3 /* IQBarButtonItem.m */; };
		31513B7220E5C0750056ECB3 /* IQUIView+IQKeyboardToolbar.m in Sources */ = {isa = PBXBuildFile; fileRef = 31513B5320E5C0750056ECB3 /* IQUIView+IQKeyboardToolbar.m */; };
		31513B7320E5C0750056ECB3 /* IQPreviousNextView.m in Sources */ = {isa = PBXBuildFile; fileRef = 31513B5420E5C0750056ECB3 /* IQPreviousNextView.m */; };
		31513B7420E5C0750056ECB3 /* IQKeyboardManager.bundle in Resources */ = {isa = PBXBuildFile; fileRef = 31513B5C20E5C0750056ECB3 /* IQKeyboardManager.bundle */; };
		31513B7520E5C0750056ECB3 /* IQKeyboardManager.m in Sources */ = {isa = PBXBuildFile; fileRef = 31513B5F20E5C0750056ECB3 /* IQKeyboardManager.m */; };
		31513B7620E5C0750056ECB3 /* IQNSArray+Sort.m in Sources */ = {isa = PBXBuildFile; fileRef = 31513B6120E5C0750056ECB3 /* IQNSArray+Sort.m */; };
		31513B7720E5C0750056ECB3 /* IQUIWindow+Hierarchy.m in Sources */ = {isa = PBXBuildFile; fileRef = 31513B6220E5C0750056ECB3 /* IQUIWindow+Hierarchy.m */; };
		31513B7820E5C0750056ECB3 /* IQUITextFieldView+Additions.m in Sources */ = {isa = PBXBuildFile; fileRef = 31513B6420E5C0750056ECB3 /* IQUITextFieldView+Additions.m */; };
		31513B7920E5C0750056ECB3 /* IQUIScrollView+Additions.m in Sources */ = {isa = PBXBuildFile; fileRef = 31513B6520E5C0750056ECB3 /* IQUIScrollView+Additions.m */; };
		31513B7A20E5C0750056ECB3 /* IQUIView+Hierarchy.m in Sources */ = {isa = PBXBuildFile; fileRef = 31513B6620E5C0750056ECB3 /* IQUIView+Hierarchy.m */; };
		31513B7B20E5C0750056ECB3 /* IQUIViewController+Additions.m in Sources */ = {isa = PBXBuildFile; fileRef = 31513B6B20E5C0750056ECB3 /* IQUIViewController+Additions.m */; };
		31513B7C20E5C0750056ECB3 /* IQKeyboardReturnKeyHandler.m in Sources */ = {isa = PBXBuildFile; fileRef = 31513B6D20E5C0750056ECB3 /* IQKeyboardReturnKeyHandler.m */; };
		31513BA320E5C0990056ECB3 /* AFURLResponseSerialization.m in Sources */ = {isa = PBXBuildFile; fileRef = 31513B8520E5C0990056ECB3 /* AFURLResponseSerialization.m */; };
		31513BA420E5C0990056ECB3 /* AFHTTPSessionManager.m in Sources */ = {isa = PBXBuildFile; fileRef = 31513B8620E5C0990056ECB3 /* AFHTTPSessionManager.m */; };
		31513BA520E5C0990056ECB3 /* AFURLConnectionOperation.m in Sources */ = {isa = PBXBuildFile; fileRef = 31513B8720E5C0990056ECB3 /* AFURLConnectionOperation.m */; };
		31513BA620E5C0990056ECB3 /* AFURLSessionManager.m in Sources */ = {isa = PBXBuildFile; fileRef = 31513B8920E5C0990056ECB3 /* AFURLSessionManager.m */; };
		31513BA720E5C0990056ECB3 /* AFHTTPRequestOperationManager.m in Sources */ = {isa = PBXBuildFile; fileRef = 31513B8A20E5C0990056ECB3 /* AFHTTPRequestOperationManager.m */; };
		31513BA820E5C0990056ECB3 /* AFURLRequestSerialization.m in Sources */ = {isa = PBXBuildFile; fileRef = 31513B8B20E5C0990056ECB3 /* AFURLRequestSerialization.m */; };
		31513BA920E5C0990056ECB3 /* AFHTTPRequestOperation.m in Sources */ = {isa = PBXBuildFile; fileRef = 31513B8C20E5C0990056ECB3 /* AFHTTPRequestOperation.m */; };
		31513BAA20E5C0990056ECB3 /* AFNetworkReachabilityManager.m in Sources */ = {isa = PBXBuildFile; fileRef = 31513B8E20E5C0990056ECB3 /* AFNetworkReachabilityManager.m */; };
		31513BAB20E5C0990056ECB3 /* AFSecurityPolicy.m in Sources */ = {isa = PBXBuildFile; fileRef = 31513B8F20E5C0990056ECB3 /* AFSecurityPolicy.m */; };
		31513BAC20E5C0990056ECB3 /* UIAlertView+AFNetworking.m in Sources */ = {isa = PBXBuildFile; fileRef = 31513B9120E5C0990056ECB3 /* UIAlertView+AFNetworking.m */; };
		31513BAD20E5C0990056ECB3 /* UIProgressView+AFNetworking.m in Sources */ = {isa = PBXBuildFile; fileRef = 31513B9220E5C0990056ECB3 /* UIProgressView+AFNetworking.m */; };
		31513BAE20E5C0990056ECB3 /* UIRefreshControl+AFNetworking.m in Sources */ = {isa = PBXBuildFile; fileRef = 31513B9420E5C0990056ECB3 /* UIRefreshControl+AFNetworking.m */; };
		31513BAF20E5C0990056ECB3 /* AFNetworkActivityIndicatorManager.m in Sources */ = {isa = PBXBuildFile; fileRef = 31513B9620E5C0990056ECB3 /* AFNetworkActivityIndicatorManager.m */; };
		31513BB020E5C0990056ECB3 /* UIImageView+AFNetworking.m in Sources */ = {isa = PBXBuildFile; fileRef = 31513B9B20E5C0990056ECB3 /* UIImageView+AFNetworking.m */; };
		31513BB120E5C0990056ECB3 /* UIButton+AFNetworking.m in Sources */ = {isa = PBXBuildFile; fileRef = 31513B9E20E5C0990056ECB3 /* UIButton+AFNetworking.m */; };
		31513BB220E5C0990056ECB3 /* UIActivityIndicatorView+AFNetworking.m in Sources */ = {isa = PBXBuildFile; fileRef = 31513B9F20E5C0990056ECB3 /* UIActivityIndicatorView+AFNetworking.m */; };
		31513BB320E5C0990056ECB3 /* UIWebView+AFNetworking.m in Sources */ = {isa = PBXBuildFile; fileRef = 31513BA020E5C0990056ECB3 /* UIWebView+AFNetworking.m */; };
		31513BDF20E5C0B90056ECB3 /* NSLayoutConstraint+MASDebugAdditions.m in Sources */ = {isa = PBXBuildFile; fileRef = 31513BC620E5C0B90056ECB3 /* NSLayoutConstraint+MASDebugAdditions.m */; };
		31513BE020E5C0B90056ECB3 /* ViewController+MASAdditions.m in Sources */ = {isa = PBXBuildFile; fileRef = 31513BCF20E5C0B90056ECB3 /* ViewController+MASAdditions.m */; };
		31513BE120E5C0B90056ECB3 /* MASCompositeConstraint.m in Sources */ = {isa = PBXBuildFile; fileRef = 31513BD320E5C0B90056ECB3 /* MASCompositeConstraint.m */; };
		31513BE220E5C0B90056ECB3 /* MASConstraintMaker.m in Sources */ = {isa = PBXBuildFile; fileRef = 31513BD420E5C0B90056ECB3 /* MASConstraintMaker.m */; };
		31513BE320E5C0B90056ECB3 /* MASLayoutConstraint.m in Sources */ = {isa = PBXBuildFile; fileRef = 31513BD520E5C0B90056ECB3 /* MASLayoutConstraint.m */; };
		31513BE420E5C0B90056ECB3 /* NSArray+MASAdditions.m in Sources */ = {isa = PBXBuildFile; fileRef = 31513BD620E5C0B90056ECB3 /* NSArray+MASAdditions.m */; };
		31513BE520E5C0B90056ECB3 /* View+MASAdditions.m in Sources */ = {isa = PBXBuildFile; fileRef = 31513BD720E5C0B90056ECB3 /* View+MASAdditions.m */; };
		31513BE620E5C0B90056ECB3 /* MASConstraint.m in Sources */ = {isa = PBXBuildFile; fileRef = 31513BDA20E5C0B90056ECB3 /* MASConstraint.m */; };
		31513BE720E5C0B90056ECB3 /* MASViewConstraint.m in Sources */ = {isa = PBXBuildFile; fileRef = 31513BDC20E5C0B90056ECB3 /* MASViewConstraint.m */; };
		31513BE820E5C0B90056ECB3 /* MASViewAttribute.m in Sources */ = {isa = PBXBuildFile; fileRef = 31513BDD20E5C0B90056ECB3 /* MASViewAttribute.m */; };
		31513BE920E5C0B90056ECB3 /* Info.plist in Resources */ = {isa = PBXBuildFile; fileRef = 31513BDE20E5C0B90056ECB3 /* Info.plist */; };
		31513C5420E5FE6E0056ECB3 /* PublicRequest.m in Sources */ = {isa = PBXBuildFile; fileRef = 31513C5320E5FE6E0056ECB3 /* PublicRequest.m */; };
		31513C8F20E627060056ECB3 /* headInfo.png in Resources */ = {isa = PBXBuildFile; fileRef = 31513C8E20E627060056ECB3 /* headInfo.png */; };
		31513C9320E627650056ECB3 /* MyHeadInfoView.m in Sources */ = {isa = PBXBuildFile; fileRef = 31513C9220E627650056ECB3 /* MyHeadInfoView.m */; };
		31513C9620E630490056ECB3 /* MyHeadTouchView.m in Sources */ = {isa = PBXBuildFile; fileRef = 31513C9520E630490056ECB3 /* MyHeadTouchView.m */; };
		315B620120E4897900FE65FD /* UIViewController+NavBarHidden.m in Sources */ = {isa = PBXBuildFile; fileRef = 315B61FF20E4897900FE65FD /* UIViewController+NavBarHidden.m */; };
		31A8301220E4C13F00089F89 /* CollectionViewFlowLayout.m in Sources */ = {isa = PBXBuildFile; fileRef = 31A8301020E4C13F00089F89 /* CollectionViewFlowLayout.m */; };
		31A8301420E4D32E00089F89 /* myHeadImg.png in Resources */ = {isa = PBXBuildFile; fileRef = 31A8301320E4D32E00089F89 /* myHeadImg.png */; };
		31D7956B20E3727000DB1839 /* PublicCreateUI.m in Sources */ = {isa = PBXBuildFile; fileRef = 31D7956920E3726F00DB1839 /* PublicCreateUI.m */; };
		31D7957020E3775E00DB1839 /* addImg.png in Resources */ = {isa = PBXBuildFile; fileRef = 31D7956E20E3775E00DB1839 /* addImg.png */; };
		31D7957420E37A7300DB1839 /* tabbar@2x.png in Resources */ = {isa = PBXBuildFile; fileRef = 31D7957120E37A7300DB1839 /* tabbar@2x.png */; };
		31D7957520E37A7300DB1839 /* tabbar@3x.png in Resources */ = {isa = PBXBuildFile; fileRef = 31D7957220E37A7300DB1839 /* tabbar@3x.png */; };
		31D7957620E37A7300DB1839 /* tabbar.png in Resources */ = {isa = PBXBuildFile; fileRef = 31D7957320E37A7300DB1839 /* tabbar.png */; };
		31D7957D20E3984100DB1839 /* IndexNavTitleView.m in Sources */ = {isa = PBXBuildFile; fileRef = 31D7957C20E3984100DB1839 /* IndexNavTitleView.m */; };
		31D7958320E3A46300DB1839 /* MyInfo_VC.m in Sources */ = {isa = PBXBuildFile; fileRef = 31D7958220E3A46300DB1839 /* MyInfo_VC.m */; };
		31D7958620E3A49F00DB1839 /* Tabbar_VC.m in Sources */ = {isa = PBXBuildFile; fileRef = 31D7958420E3A49E00DB1839 /* Tabbar_VC.m */; };
		31EFF83220EA1F2200D6A98A /* MessageCenter_VC.m in Sources */ = {isa = PBXBuildFile; fileRef = 31EFF83120EA1F2200D6A98A /* MessageCenter_VC.m */; };
		31EFF83520EA1F5500D6A98A /* HobbyCenter_VC.m in Sources */ = {isa = PBXBuildFile; fileRef = 31EFF83420EA1F5500D6A98A /* HobbyCenter_VC.m */; };
/* End PBXBuildFile section */

/* Begin PBXFileReference section */
		07EE841420E0F47F00D9C9A6 /* EnjoyShow.app */ = {isa = PBXFileReference; explicitFileType = wrapper.application; includeInIndex = 0; path = EnjoyShow.app; sourceTree = BUILT_PRODUCTS_DIR; };
		07EE841720E0F47F00D9C9A6 /* AppDelegate.h */ = {isa = PBXFileReference; lastKnownFileType = sourcecode.c.h; path = AppDelegate.h; sourceTree = "<group>"; };
		07EE841820E0F47F00D9C9A6 /* AppDelegate.m */ = {isa = PBXFileReference; lastKnownFileType = sourcecode.c.objc; path = AppDelegate.m; sourceTree = "<group>"; };
		07EE841E20E0F47F00D9C9A6 /* Base */ = {isa = PBXFileReference; lastKnownFileType = file.storyboard; name = Base; path = Base.lproj/Main.storyboard; sourceTree = "<group>"; };
		07EE842020E0F48200D9C9A6 /* Assets.xcassets */ = {isa = PBXFileReference; lastKnownFileType = folder.assetcatalog; path = Assets.xcassets; sourceTree = "<group>"; };
		07EE842320E0F48200D9C9A6 /* Base */ = {isa = PBXFileReference; lastKnownFileType = file.storyboard; name = Base; path = Base.lproj/LaunchScreen.storyboard; sourceTree = "<group>"; };
		07EE842520E0F48200D9C9A6 /* Info.plist */ = {isa = PBXFileReference; lastKnownFileType = text.plist.xml; path = Info.plist; sourceTree = "<group>"; };
		07EE842620E0F48200D9C9A6 /* main.m */ = {isa = PBXFileReference; lastKnownFileType = sourcecode.c.objc; path = main.m; sourceTree = "<group>"; };
		3137864B20E1DAF000DB91CF /* PrefixHeader.pch */ = {isa = PBXFileReference; lastKnownFileType = sourcecode.c.h; path = PrefixHeader.pch; sourceTree = "<group>"; };
		3137864C20E1DB1E00DB91CF /* Method.pch */ = {isa = PBXFileReference; lastKnownFileType = sourcecode.c.h; path = Method.pch; sourceTree = "<group>"; };
		3137864D20E1DB4900DB91CF /* GlobalColor.pch */ = {isa = PBXFileReference; lastKnownFileType = sourcecode.c.h; path = GlobalColor.pch; sourceTree = "<group>"; };
		3137864E20E1DB6700DB91CF /* MacroValue.pch */ = {isa = PBXFileReference; lastKnownFileType = sourcecode.c.h; path = MacroValue.pch; sourceTree = "<group>"; };
		3137865020E1DDE600DB91CF /* FatherView_VC.h */ = {isa = PBXFileReference; lastKnownFileType = sourcecode.c.h; path = FatherView_VC.h; sourceTree = "<group>"; };
		3137865120E1DDE600DB91CF /* FatherView_VC.m */ = {isa = PBXFileReference; lastKnownFileType = sourcecode.c.objc; path = FatherView_VC.m; sourceTree = "<group>"; };
		3137865320E1DE0100DB91CF /* FatherTableView_VC.h */ = {isa = PBXFileReference; lastKnownFileType = sourcecode.c.h; path = FatherTableView_VC.h; sourceTree = "<group>"; };
		3137865420E1DE0100DB91CF /* FatherTableView_VC.m */ = {isa = PBXFileReference; lastKnownFileType = sourcecode.c.objc; path = FatherTableView_VC.m; sourceTree = "<group>"; };
		3137865620E1DE5800DB91CF /* Index_VC.h */ = {isa = PBXFileReference; lastKnownFileType = sourcecode.c.h; path = Index_VC.h; sourceTree = "<group>"; };
		3137865720E1DE5800DB91CF /* Index_VC.m */ = {isa = PBXFileReference; lastKnownFileType = sourcecode.c.objc; path = Index_VC.m; sourceTree = "<group>"; };
		3137865A20E1E04A00DB91CF /* PublicMethod.h */ = {isa = PBXFileReference; lastKnownFileType = sourcecode.c.h; path = PublicMethod.h; sourceTree = "<group>"; };
		3137865B20E1E04A00DB91CF /* PublicMethod.m */ = {isa = PBXFileReference; lastKnownFileType = sourcecode.c.objc; path = PublicMethod.m; sourceTree = "<group>"; };
		31513B4B20E5C0750056ECB3 /* IQTextView.m */ = {isa = PBXFileReference; fileEncoding = 4; lastKnownFileType = sourcecode.c.objc; path = IQTextView.m; sourceTree = "<group>"; };
		31513B4C20E5C0750056ECB3 /* IQTextView.h */ = {isa = PBXFileReference; fileEncoding = 4; lastKnownFileType = sourcecode.c.h; path = IQTextView.h; sourceTree = "<group>"; };
		31513B4E20E5C0750056ECB3 /* IQUIView+IQKeyboardToolbar.h */ = {isa = PBXFileReference; fileEncoding = 4; lastKnownFileType = sourcecode.c.h; path = "IQUIView+IQKeyboardToolbar.h"; sourceTree = "<group>"; };
		31513B4F20E5C0750056ECB3 /* IQToolbar.m */ = {isa = PBXFileReference; fileEncoding = 4; lastKnownFileType = sourcecode.c.objc; path = IQToolbar.m; sourceTree = "<group>"; };
		31513B5020E5C0750056ECB3 /* IQPreviousNextView.h */ = {isa = PBXFileReference; fileEncoding = 4; lastKnownFileType = sourcecode.c.h; path = IQPreviousNextView.h; sourceTree = "<group>"; };
		31513B5120E5C0750056ECB3 /* IQTitleBarButtonItem.m */ = {isa = PBXFileReference; fileEncoding = 4; lastKnownFileType = sourcecode.c.objc; path = IQTitleBarButtonItem.m; sourceTree = "<group>"; };
		31513B5220E5C0750056ECB3 /* IQBarButtonItem.m */ = {isa = PBXFileReference; fileEncoding = 4; lastKnownFileType = sourcecode.c.objc; path = IQBarButtonItem.m; sourceTree = "<group>"; };
		31513B5320E5C0750056ECB3 /* IQUIView+IQKeyboardToolbar.m */ = {isa = PBXFileReference; fileEncoding = 4; lastKnownFileType = sourcecode.c.objc; path = "IQUIView+IQKeyboardToolbar.m"; sourceTree = "<group>"; };
		31513B5420E5C0750056ECB3 /* IQPreviousNextView.m */ = {isa = PBXFileReference; fileEncoding = 4; lastKnownFileType = sourcecode.c.objc; path = IQPreviousNextView.m; sourceTree = "<group>"; };
		31513B5520E5C0750056ECB3 /* IQToolbar.h */ = {isa = PBXFileReference; fileEncoding = 4; lastKnownFileType = sourcecode.c.h; path = IQToolbar.h; sourceTree = "<group>"; };
		31513B5620E5C0750056ECB3 /* IQBarButtonItem.h */ = {isa = PBXFileReference; fileEncoding = 4; lastKnownFileType = sourcecode.c.h; path = IQBarButtonItem.h; sourceTree = "<group>"; };
		31513B5720E5C0750056ECB3 /* IQTitleBarButtonItem.h */ = {isa = PBXFileReference; fileEncoding = 4; lastKnownFileType = sourcecode.c.h; path = IQTitleBarButtonItem.h; sourceTree = "<group>"; };
		31513B5920E5C0750056ECB3 /* IQKeyboardManagerConstantsInternal.h */ = {isa = PBXFileReference; fileEncoding = 4; lastKnownFileType = sourcecode.c.h; path = IQKeyboardManagerConstantsInternal.h; sourceTree = "<group>"; };
		31513B5A20E5C0750056ECB3 /* IQKeyboardManagerConstants.h */ = {isa = PBXFileReference; fileEncoding = 4; lastKnownFileType = sourcecode.c.h; path = IQKeyboardManagerConstants.h; sourceTree = "<group>"; };
		31513B5C20E5C0750056ECB3 /* IQKeyboardManager.bundle */ = {isa = PBXFileReference; lastKnownFileType = "wrapper.plug-in"; path = IQKeyboardManager.bundle; sourceTree = "<group>"; };
		31513B5D20E5C0750056ECB3 /* IQKeyboardReturnKeyHandler.h */ = {isa = PBXFileReference; fileEncoding = 4; lastKnownFileType = sourcecode.c.h; path = IQKeyboardReturnKeyHandler.h; sourceTree = "<group>"; };
		31513B5E20E5C0750056ECB3 /* IQKeyboardManager.h */ = {isa = PBXFileReference; fileEncoding = 4; lastKnownFileType = sourcecode.c.h; path = IQKeyboardManager.h; sourceTree = "<group>"; };
		31513B5F20E5C0750056ECB3 /* IQKeyboardManager.m */ = {isa = PBXFileReference; fileEncoding = 4; lastKnownFileType = sourcecode.c.objc; path = IQKeyboardManager.m; sourceTree = "<group>"; };
		31513B6120E5C0750056ECB3 /* IQNSArray+Sort.m */ = {isa = PBXFileReference; fileEncoding = 4; lastKnownFileType = sourcecode.c.objc; path = "IQNSArray+Sort.m"; sourceTree = "<group>"; };
		31513B6220E5C0750056ECB3 /* IQUIWindow+Hierarchy.m */ = {isa = PBXFileReference; fileEncoding = 4; lastKnownFileType = sourcecode.c.objc; path = "IQUIWindow+Hierarchy.m"; sourceTree = "<group>"; };
		31513B6320E5C0750056ECB3 /* IQUIViewController+Additions.h */ = {isa = PBXFileReference; fileEncoding = 4; lastKnownFileType = sourcecode.c.h; path = "IQUIViewController+Additions.h"; sourceTree = "<group>"; };
		31513B6420E5C0750056ECB3 /* IQUITextFieldView+Additions.m */ = {isa = PBXFileReference; fileEncoding = 4; lastKnownFileType = sourcecode.c.objc; path = "IQUITextFieldView+Additions.m"; sourceTree = "<group>"; };
		31513B6520E5C0750056ECB3 /* IQUIScrollView+Additions.m */ = {isa = PBXFileReference; fileEncoding = 4; lastKnownFileType = sourcecode.c.objc; path = "IQUIScrollView+Additions.m"; sourceTree = "<group>"; };
		31513B6620E5C0750056ECB3 /* IQUIView+Hierarchy.m */ = {isa = PBXFileReference; fileEncoding = 4; lastKnownFileType = sourcecode.c.objc; path = "IQUIView+Hierarchy.m"; sourceTree = "<group>"; };
		31513B6720E5C0750056ECB3 /* IQUIWindow+Hierarchy.h */ = {isa = PBXFileReference; fileEncoding = 4; lastKnownFileType = sourcecode.c.h; path = "IQUIWindow+Hierarchy.h"; sourceTree = "<group>"; };
		31513B6820E5C0750056ECB3 /* IQNSArray+Sort.h */ = {isa = PBXFileReference; fileEncoding = 4; lastKnownFileType = sourcecode.c.h; path = "IQNSArray+Sort.h"; sourceTree = "<group>"; };
		31513B6920E5C0750056ECB3 /* IQUIScrollView+Additions.h */ = {isa = PBXFileReference; fileEncoding = 4; lastKnownFileType = sourcecode.c.h; path = "IQUIScrollView+Additions.h"; sourceTree = "<group>"; };
		31513B6A20E5C0750056ECB3 /* IQUITextFieldView+Additions.h */ = {isa = PBXFileReference; fileEncoding = 4; lastKnownFileType = sourcecode.c.h; path = "IQUITextFieldView+Additions.h"; sourceTree = "<group>"; };
		31513B6B20E5C0750056ECB3 /* IQUIViewController+Additions.m */ = {isa = PBXFileReference; fileEncoding = 4; lastKnownFileType = sourcecode.c.objc; path = "IQUIViewController+Additions.m"; sourceTree = "<group>"; };
		31513B6C20E5C0750056ECB3 /* IQUIView+Hierarchy.h */ = {isa = PBXFileReference; fileEncoding = 4; lastKnownFileType = sourcecode.c.h; path = "IQUIView+Hierarchy.h"; sourceTree = "<group>"; };
		31513B6D20E5C0750056ECB3 /* IQKeyboardReturnKeyHandler.m */ = {isa = PBXFileReference; fileEncoding = 4; lastKnownFileType = sourcecode.c.objc; path = IQKeyboardReturnKeyHandler.m; sourceTree = "<group>"; };
		31513B7E20E5C0990056ECB3 /* AFSecurityPolicy.h */ = {isa = PBXFileReference; fileEncoding = 4; lastKnownFileType = sourcecode.c.h; path = AFSecurityPolicy.h; sourceTree = "<group>"; };
		31513B7F20E5C0990056ECB3 /* AFNetworkReachabilityManager.h */ = {isa = PBXFileReference; fileEncoding = 4; lastKnownFileType = sourcecode.c.h; path = AFNetworkReachabilityManager.h; sourceTree = "<group>"; };
		31513B8020E5C0990056ECB3 /* AFHTTPRequestOperation.h */ = {isa = PBXFileReference; fileEncoding = 4; lastKnownFileType = sourcecode.c.h; path = AFHTTPRequestOperation.h; sourceTree = "<group>"; };
		31513B8120E5C0990056ECB3 /* AFHTTPRequestOperationManager.h */ = {isa = PBXFileReference; fileEncoding = 4; lastKnownFileType = sourcecode.c.h; path = AFHTTPRequestOperationManager.h; sourceTree = "<group>"; };
		31513B8220E5C0990056ECB3 /* AFURLSessionManager.h */ = {isa = PBXFileReference; fileEncoding = 4; lastKnownFileType = sourcecode.c.h; path = AFURLSessionManager.h; sourceTree = "<group>"; };
		31513B8320E5C0990056ECB3 /* AFURLRequestSerialization.h */ = {isa = PBXFileReference; fileEncoding = 4; lastKnownFileType = sourcecode.c.h; path = AFURLRequestSerialization.h; sourceTree = "<group>"; };
		31513B8420E5C0990056ECB3 /* AFURLConnectionOperation.h */ = {isa = PBXFileReference; fileEncoding = 4; lastKnownFileType = sourcecode.c.h; path = AFURLConnectionOperation.h; sourceTree = "<group>"; };
		31513B8520E5C0990056ECB3 /* AFURLResponseSerialization.m */ = {isa = PBXFileReference; fileEncoding = 4; lastKnownFileType = sourcecode.c.objc; path = AFURLResponseSerialization.m; sourceTree = "<group>"; };
		31513B8620E5C0990056ECB3 /* AFHTTPSessionManager.m */ = {isa = PBXFileReference; fileEncoding = 4; lastKnownFileType = sourcecode.c.objc; path = AFHTTPSessionManager.m; sourceTree = "<group>"; };
		31513B8720E5C0990056ECB3 /* AFURLConnectionOperation.m */ = {isa = PBXFileReference; fileEncoding = 4; lastKnownFileType = sourcecode.c.objc; path = AFURLConnectionOperation.m; sourceTree = "<group>"; };
		31513B8820E5C0990056ECB3 /* AFURLResponseSerialization.h */ = {isa = PBXFileReference; fileEncoding = 4; lastKnownFileType = sourcecode.c.h; path = AFURLResponseSerialization.h; sourceTree = "<group>"; };
		31513B8920E5C0990056ECB3 /* AFURLSessionManager.m */ = {isa = PBXFileReference; fileEncoding = 4; lastKnownFileType = sourcecode.c.objc; path = AFURLSessionManager.m; sourceTree = "<group>"; };
		31513B8A20E5C0990056ECB3 /* AFHTTPRequestOperationManager.m */ = {isa = PBXFileReference; fileEncoding = 4; lastKnownFileType = sourcecode.c.objc; path = AFHTTPRequestOperationManager.m; sourceTree = "<group>"; };
		31513B8B20E5C0990056ECB3 /* AFURLRequestSerialization.m */ = {isa = PBXFileReference; fileEncoding = 4; lastKnownFileType = sourcecode.c.objc; path = AFURLRequestSerialization.m; sourceTree = "<group>"; };
		31513B8C20E5C0990056ECB3 /* AFHTTPRequestOperation.m */ = {isa = PBXFileReference; fileEncoding = 4; lastKnownFileType = sourcecode.c.objc; path = AFHTTPRequestOperation.m; sourceTree = "<group>"; };
		31513B8D20E5C0990056ECB3 /* AFNetworking.h */ = {isa = PBXFileReference; fileEncoding = 4; lastKnownFileType = sourcecode.c.h; path = AFNetworking.h; sourceTree = "<group>"; };
		31513B8E20E5C0990056ECB3 /* AFNetworkReachabilityManager.m */ = {isa = PBXFileReference; fileEncoding = 4; lastKnownFileType = sourcecode.c.objc; path = AFNetworkReachabilityManager.m; sourceTree = "<group>"; };
		31513B8F20E5C0990056ECB3 /* AFSecurityPolicy.m */ = {isa = PBXFileReference; fileEncoding = 4; lastKnownFileType = sourcecode.c.objc; path = AFSecurityPolicy.m; sourceTree = "<group>"; };
		31513B9120E5C0990056ECB3 /* UIAlertView+AFNetworking.m */ = {isa = PBXFileReference; fileEncoding = 4; lastKnownFileType = sourcecode.c.objc; path = "UIAlertView+AFNetworking.m"; sourceTree = "<group>"; };
		31513B9220E5C0990056ECB3 /* UIProgressView+AFNetworking.m */ = {isa = PBXFileReference; fileEncoding = 4; lastKnownFileType = sourcecode.c.objc; path = "UIProgressView+AFNetworking.m"; sourceTree = "<group>"; };
		31513B9320E5C0990056ECB3 /* UIButton+AFNetworking.h */ = {isa = PBXFileReference; fileEncoding = 4; lastKnownFileType = sourcecode.c.h; path = "UIButton+AFNetworking.h"; sourceTree = "<group>"; };
		31513B9420E5C0990056ECB3 /* UIRefreshControl+AFNetworking.m */ = {isa = PBXFileReference; fileEncoding = 4; lastKnownFileType = sourcecode.c.objc; path = "UIRefreshControl+AFNetworking.m"; sourceTree = "<group>"; };
		31513B9520E5C0990056ECB3 /* UIImageView+AFNetworking.h */ = {isa = PBXFileReference; fileEncoding = 4; lastKnownFileType = sourcecode.c.h; path = "UIImageView+AFNetworking.h"; sourceTree = "<group>"; };
		31513B9620E5C0990056ECB3 /* AFNetworkActivityIndicatorManager.m */ = {isa = PBXFileReference; fileEncoding = 4; lastKnownFileType = sourcecode.c.objc; path = AFNetworkActivityIndicatorManager.m; sourceTree = "<group>"; };
		31513B9720E5C0990056ECB3 /* UIWebView+AFNetworking.h */ = {isa = PBXFileReference; fileEncoding = 4; lastKnownFileType = sourcecode.c.h; path = "UIWebView+AFNetworking.h"; sourceTree = "<group>"; };
		31513B9820E5C0990056ECB3 /* UIActivityIndicatorView+AFNetworking.h */ = {isa = PBXFileReference; fileEncoding = 4; lastKnownFileType = sourcecode.c.h; path = "UIActivityIndicatorView+AFNetworking.h"; sourceTree = "<group>"; };
		31513B9920E5C0990056ECB3 /* UIAlertView+AFNetworking.h */ = {isa = PBXFileReference; fileEncoding = 4; lastKnownFileType = sourcecode.c.h; path = "UIAlertView+AFNetworking.h"; sourceTree = "<group>"; };
		31513B9A20E5C0990056ECB3 /* UIProgressView+AFNetworking.h */ = {isa = PBXFileReference; fileEncoding = 4; lastKnownFileType = sourcecode.c.h; path = "UIProgressView+AFNetworking.h"; sourceTree = "<group>"; };
		31513B9B20E5C0990056ECB3 /* UIImageView+AFNetworking.m */ = {isa = PBXFileReference; fileEncoding = 4; lastKnownFileType = sourcecode.c.objc; path = "UIImageView+AFNetworking.m"; sourceTree = "<group>"; };
		31513B9C20E5C0990056ECB3 /* UIKit+AFNetworking.h */ = {isa = PBXFileReference; fileEncoding = 4; lastKnownFileType = sourcecode.c.h; path = "UIKit+AFNetworking.h"; sourceTree = "<group>"; };
		31513B9D20E5C0990056ECB3 /* UIRefreshControl+AFNetworking.h */ = {isa = PBXFileReference; fileEncoding = 4; lastKnownFileType = sourcecode.c.h; path = "UIRefreshControl+AFNetworking.h"; sourceTree = "<group>"; };
		31513B9E20E5C0990056ECB3 /* UIButton+AFNetworking.m */ = {isa = PBXFileReference; fileEncoding = 4; lastKnownFileType = sourcecode.c.objc; path = "UIButton+AFNetworking.m"; sourceTree = "<group>"; };
		31513B9F20E5C0990056ECB3 /* UIActivityIndicatorView+AFNetworking.m */ = {isa = PBXFileReference; fileEncoding = 4; lastKnownFileType = sourcecode.c.objc; path = "UIActivityIndicatorView+AFNetworking.m"; sourceTree = "<group>"; };
		31513BA020E5C0990056ECB3 /* UIWebView+AFNetworking.m */ = {isa = PBXFileReference; fileEncoding = 4; lastKnownFileType = sourcecode.c.objc; path = "UIWebView+AFNetworking.m"; sourceTree = "<group>"; };
		31513BA120E5C0990056ECB3 /* AFNetworkActivityIndicatorManager.h */ = {isa = PBXFileReference; fileEncoding = 4; lastKnownFileType = sourcecode.c.h; path = AFNetworkActivityIndicatorManager.h; sourceTree = "<group>"; };
		31513BA220E5C0990056ECB3 /* AFHTTPSessionManager.h */ = {isa = PBXFileReference; fileEncoding = 4; lastKnownFileType = sourcecode.c.h; path = AFHTTPSessionManager.h; sourceTree = "<group>"; };
		31513BC520E5C0B90056ECB3 /* MASCompositeConstraint.h */ = {isa = PBXFileReference; fileEncoding = 4; lastKnownFileType = sourcecode.c.h; path = MASCompositeConstraint.h; sourceTree = "<group>"; };
		31513BC620E5C0B90056ECB3 /* NSLayoutConstraint+MASDebugAdditions.m */ = {isa = PBXFileReference; fileEncoding = 4; lastKnownFileType = sourcecode.c.objc; path = "NSLayoutConstraint+MASDebugAdditions.m"; sourceTree = "<group>"; };
		31513BC720E5C0B90056ECB3 /* MASConstraint+Private.h */ = {isa = PBXFileReference; fileEncoding = 4; lastKnownFileType = sourcecode.c.h; path = "MASConstraint+Private.h"; sourceTree = "<group>"; };
		31513BC820E5C0B90056ECB3 /* MASLayoutConstraint.h */ = {isa = PBXFileReference; fileEncoding = 4; lastKnownFileType = sourcecode.c.h; path = MASLayoutConstraint.h; sourceTree = "<group>"; };
		31513BC920E5C0B90056ECB3 /* NSArray+MASShorthandAdditions.h */ = {isa = PBXFileReference; fileEncoding = 4; lastKnownFileType = sourcecode.c.h; path = "NSArray+MASShorthandAdditions.h"; sourceTree = "<group>"; };
		31513BCA20E5C0B90056ECB3 /* MASConstraintMaker.h */ = {isa = PBXFileReference; fileEncoding = 4; lastKnownFileType = sourcecode.c.h; path = MASConstraintMaker.h; sourceTree = "<group>"; };
		31513BCB20E5C0B90056ECB3 /* View+MASAdditions.h */ = {isa = PBXFileReference; fileEncoding = 4; lastKnownFileType = sourcecode.c.h; path = "View+MASAdditions.h"; sourceTree = "<group>"; };
		31513BCC20E5C0B90056ECB3 /* NSArray+MASAdditions.h */ = {isa = PBXFileReference; fileEncoding = 4; lastKnownFileType = sourcecode.c.h; path = "NSArray+MASAdditions.h"; sourceTree = "<group>"; };
		31513BCD20E5C0B90056ECB3 /* MASUtilities.h */ = {isa = PBXFileReference; fileEncoding = 4; lastKnownFileType = sourcecode.c.h; path = MASUtilities.h; sourceTree = "<group>"; };
		31513BCE20E5C0B90056ECB3 /* MASViewAttribute.h */ = {isa = PBXFileReference; fileEncoding = 4; lastKnownFileType = sourcecode.c.h; path = MASViewAttribute.h; sourceTree = "<group>"; };
		31513BCF20E5C0B90056ECB3 /* ViewController+MASAdditions.m */ = {isa = PBXFileReference; fileEncoding = 4; lastKnownFileType = sourcecode.c.objc; path = "ViewController+MASAdditions.m"; sourceTree = "<group>"; };
		31513BD020E5C0B90056ECB3 /* MASViewConstraint.h */ = {isa = PBXFileReference; fileEncoding = 4; lastKnownFileType = sourcecode.c.h; path = MASViewConstraint.h; sourceTree = "<group>"; };
		31513BD120E5C0B90056ECB3 /* MASConstraint.h */ = {isa = PBXFileReference; fileEncoding = 4; lastKnownFileType = sourcecode.c.h; path = MASConstraint.h; sourceTree = "<group>"; };
		31513BD220E5C0B90056ECB3 /* NSLayoutConstraint+MASDebugAdditions.h */ = {isa = PBXFileReference; fileEncoding = 4; lastKnownFileType = sourcecode.c.h; path = "NSLayoutConstraint+MASDebugAdditions.h"; sourceTree = "<group>"; };
		31513BD320E5C0B90056ECB3 /* MASCompositeConstraint.m */ = {isa = PBXFileReference; fileEncoding = 4; lastKnownFileType = sourcecode.c.objc; path = MASCompositeConstraint.m; sourceTree = "<group>"; };
		31513BD420E5C0B90056ECB3 /* MASConstraintMaker.m */ = {isa = PBXFileReference; fileEncoding = 4; lastKnownFileType = sourcecode.c.objc; path = MASConstraintMaker.m; sourceTree = "<group>"; };
		31513BD520E5C0B90056ECB3 /* MASLayoutConstraint.m */ = {isa = PBXFileReference; fileEncoding = 4; lastKnownFileType = sourcecode.c.objc; path = MASLayoutConstraint.m; sourceTree = "<group>"; };
		31513BD620E5C0B90056ECB3 /* NSArray+MASAdditions.m */ = {isa = PBXFileReference; fileEncoding = 4; lastKnownFileType = sourcecode.c.objc; path = "NSArray+MASAdditions.m"; sourceTree = "<group>"; };
		31513BD720E5C0B90056ECB3 /* View+MASAdditions.m */ = {isa = PBXFileReference; fileEncoding = 4; lastKnownFileType = sourcecode.c.objc; path = "View+MASAdditions.m"; sourceTree = "<group>"; };
		31513BD820E5C0B90056ECB3 /* View+MASShorthandAdditions.h */ = {isa = PBXFileReference; fileEncoding = 4; lastKnownFileType = sourcecode.c.h; path = "View+MASShorthandAdditions.h"; sourceTree = "<group>"; };
		31513BD920E5C0B90056ECB3 /* Masonry.h */ = {isa = PBXFileReference; fileEncoding = 4; lastKnownFileType = sourcecode.c.h; path = Masonry.h; sourceTree = "<group>"; };
		31513BDA20E5C0B90056ECB3 /* MASConstraint.m */ = {isa = PBXFileReference; fileEncoding = 4; lastKnownFileType = sourcecode.c.objc; path = MASConstraint.m; sourceTree = "<group>"; };
		31513BDB20E5C0B90056ECB3 /* ViewController+MASAdditions.h */ = {isa = PBXFileReference; fileEncoding = 4; lastKnownFileType = sourcecode.c.h; path = "ViewController+MASAdditions.h"; sourceTree = "<group>"; };
		31513BDC20E5C0B90056ECB3 /* MASViewConstraint.m */ = {isa = PBXFileReference; fileEncoding = 4; lastKnownFileType = sourcecode.c.objc; path = MASViewConstraint.m; sourceTree = "<group>"; };
		31513BDD20E5C0B90056ECB3 /* MASViewAttribute.m */ = {isa = PBXFileReference; fileEncoding = 4; lastKnownFileType = sourcecode.c.objc; path = MASViewAttribute.m; sourceTree = "<group>"; };
		31513BDE20E5C0B90056ECB3 /* Info.plist */ = {isa = PBXFileReference; fileEncoding = 4; lastKnownFileType = text.plist.xml; path = Info.plist; sourceTree = "<group>"; };
		31513C5220E5FE6E0056ECB3 /* PublicRequest.h */ = {isa = PBXFileReference; lastKnownFileType = sourcecode.c.h; path = PublicRequest.h; sourceTree = "<group>"; };
		31513C5320E5FE6E0056ECB3 /* PublicRequest.m */ = {isa = PBXFileReference; lastKnownFileType = sourcecode.c.objc; path = PublicRequest.m; sourceTree = "<group>"; };
		31513C8E20E627060056ECB3 /* headInfo.png */ = {isa = PBXFileReference; lastKnownFileType = image.png; path = headInfo.png; sourceTree = "<group>"; };
		31513C9120E627650056ECB3 /* MyHeadInfoView.h */ = {isa = PBXFileReference; lastKnownFileType = sourcecode.c.h; path = MyHeadInfoView.h; sourceTree = "<group>"; };
		31513C9220E627650056ECB3 /* MyHeadInfoView.m */ = {isa = PBXFileReference; lastKnownFileType = sourcecode.c.objc; path = MyHeadInfoView.m; sourceTree = "<group>"; };
		31513C9420E630490056ECB3 /* MyHeadTouchView.h */ = {isa = PBXFileReference; lastKnownFileType = sourcecode.c.h; path = MyHeadTouchView.h; sourceTree = "<group>"; };
		31513C9520E630490056ECB3 /* MyHeadTouchView.m */ = {isa = PBXFileReference; lastKnownFileType = sourcecode.c.objc; path = MyHeadTouchView.m; sourceTree = "<group>"; };
		315B61FF20E4897900FE65FD /* UIViewController+NavBarHidden.m */ = {isa = PBXFileReference; fileEncoding = 4; lastKnownFileType = sourcecode.c.objc; path = "UIViewController+NavBarHidden.m"; sourceTree = "<group>"; };
		315B620020E4897900FE65FD /* UIViewController+NavBarHidden.h */ = {isa = PBXFileReference; fileEncoding = 4; lastKnownFileType = sourcecode.c.h; path = "UIViewController+NavBarHidden.h"; sourceTree = "<group>"; };
		31A8301020E4C13F00089F89 /* CollectionViewFlowLayout.m */ = {isa = PBXFileReference; fileEncoding = 4; lastKnownFileType = sourcecode.c.objc; path = CollectionViewFlowLayout.m; sourceTree = "<group>"; };
		31A8301120E4C13F00089F89 /* CollectionViewFlowLayout.h */ = {isa = PBXFileReference; fileEncoding = 4; lastKnownFileType = sourcecode.c.h; path = CollectionViewFlowLayout.h; sourceTree = "<group>"; };
		31A8301320E4D32E00089F89 /* myHeadImg.png */ = {isa = PBXFileReference; lastKnownFileType = image.png; path = myHeadImg.png; sourceTree = "<group>"; };
		31D7956920E3726F00DB1839 /* PublicCreateUI.m */ = {isa = PBXFileReference; fileEncoding = 4; lastKnownFileType = sourcecode.c.objc; path = PublicCreateUI.m; sourceTree = "<group>"; };
		31D7956A20E3727000DB1839 /* PublicCreateUI.h */ = {isa = PBXFileReference; fileEncoding = 4; lastKnownFileType = sourcecode.c.h; path = PublicCreateUI.h; sourceTree = "<group>"; };
		31D7956E20E3775E00DB1839 /* addImg.png */ = {isa = PBXFileReference; lastKnownFileType = image.png; path = addImg.png; sourceTree = "<group>"; };
		31D7957120E37A7300DB1839 /* tabbar@2x.png */ = {isa = PBXFileReference; lastKnownFileType = image.png; path = "tabbar@2x.png"; sourceTree = "<group>"; };
		31D7957220E37A7300DB1839 /* tabbar@3x.png */ = {isa = PBXFileReference; lastKnownFileType = image.png; path = "tabbar@3x.png"; sourceTree = "<group>"; };
		31D7957320E37A7300DB1839 /* tabbar.png */ = {isa = PBXFileReference; lastKnownFileType = image.png; path = tabbar.png; sourceTree = "<group>"; };
		31D7957B20E3984100DB1839 /* IndexNavTitleView.h */ = {isa = PBXFileReference; lastKnownFileType = sourcecode.c.h; path = IndexNavTitleView.h; sourceTree = "<group>"; };
		31D7957C20E3984100DB1839 /* IndexNavTitleView.m */ = {isa = PBXFileReference; lastKnownFileType = sourcecode.c.objc; path = IndexNavTitleView.m; sourceTree = "<group>"; };
		31D7958120E3A46300DB1839 /* MyInfo_VC.h */ = {isa = PBXFileReference; lastKnownFileType = sourcecode.c.h; path = MyInfo_VC.h; sourceTree = "<group>"; };
		31D7958220E3A46300DB1839 /* MyInfo_VC.m */ = {isa = PBXFileReference; lastKnownFileType = sourcecode.c.objc; path = MyInfo_VC.m; sourceTree = "<group>"; };
		31D7958420E3A49E00DB1839 /* Tabbar_VC.m */ = {isa = PBXFileReference; fileEncoding = 4; lastKnownFileType = sourcecode.c.objc; path = Tabbar_VC.m; sourceTree = "<group>"; };
		31D7958520E3A49E00DB1839 /* Tabbar_VC.h */ = {isa = PBXFileReference; fileEncoding = 4; lastKnownFileType = sourcecode.c.h; path = Tabbar_VC.h; sourceTree = "<group>"; };
		31EFF83020EA1F2200D6A98A /* MessageCenter_VC.h */ = {isa = PBXFileReference; lastKnownFileType = sourcecode.c.h; path = MessageCenter_VC.h; sourceTree = "<group>"; };
		31EFF83120EA1F2200D6A98A /* MessageCenter_VC.m */ = {isa = PBXFileReference; lastKnownFileType = sourcecode.c.objc; path = MessageCenter_VC.m; sourceTree = "<group>"; };
		31EFF83320EA1F5500D6A98A /* HobbyCenter_VC.h */ = {isa = PBXFileReference; lastKnownFileType = sourcecode.c.h; path = HobbyCenter_VC.h; sourceTree = "<group>"; };
		31EFF83420EA1F5500D6A98A /* HobbyCenter_VC.m */ = {isa = PBXFileReference; lastKnownFileType = sourcecode.c.objc; path = HobbyCenter_VC.m; sourceTree = "<group>"; };
/* End PBXFileReference section */

/* Begin PBXFrameworksBuildPhase section */
		07EE841120E0F47F00D9C9A6 /* Frameworks */ = {
			isa = PBXFrameworksBuildPhase;
			buildActionMask = 2147483647;
			files = (
			);
			runOnlyForDeploymentPostprocessing = 0;
		};
/* End PBXFrameworksBuildPhase section */

/* Begin PBXGroup section */
		07EE840B20E0F47F00D9C9A6 = {
			isa = PBXGroup;
			children = (
				3137865920E1DE8700DB91CF /* PublicMothed */,
				3137864420E1D98500DB91CF /* Project */,
				3137864320E1D8B300DB91CF /* Resources */,
				07EE841620E0F47F00D9C9A6 /* LittlePig */,
				07EE841520E0F47F00D9C9A6 /* Products */,
			);
			sourceTree = "<group>";
		};
		07EE841520E0F47F00D9C9A6 /* Products */ = {
			isa = PBXGroup;
			children = (
				07EE841420E0F47F00D9C9A6 /* EnjoyShow.app */,
			);
			name = Products;
			sourceTree = "<group>";
		};
		07EE841620E0F47F00D9C9A6 /* LittlePig */ = {
			isa = PBXGroup;
			children = (
				07EE841720E0F47F00D9C9A6 /* AppDelegate.h */,
				07EE841820E0F47F00D9C9A6 /* AppDelegate.m */,
				3137865320E1DE0100DB91CF /* FatherTableView_VC.h */,
				3137865420E1DE0100DB91CF /* FatherTableView_VC.m */,
				3137865020E1DDE600DB91CF /* FatherView_VC.h */,
				3137865120E1DDE600DB91CF /* FatherView_VC.m */,
				31D7958520E3A49E00DB1839 /* Tabbar_VC.h */,
				31D7958420E3A49E00DB1839 /* Tabbar_VC.m */,
				3137864B20E1DAF000DB91CF /* PrefixHeader.pch */,
				3137864C20E1DB1E00DB91CF /* Method.pch */,
				3137864D20E1DB4900DB91CF /* GlobalColor.pch */,
				3137864E20E1DB6700DB91CF /* MacroValue.pch */,
				07EE841D20E0F47F00D9C9A6 /* Main.storyboard */,
				07EE842020E0F48200D9C9A6 /* Assets.xcassets */,
				07EE842220E0F48200D9C9A6 /* LaunchScreen.storyboard */,
				07EE842520E0F48200D9C9A6 /* Info.plist */,
				07EE842620E0F48200D9C9A6 /* main.m */,
			);
			path = LittlePig;
			sourceTree = "<group>";
		};
		3137864320E1D8B300DB91CF /* Resources */ = {
			isa = PBXGroup;
			children = (
				31D7956820E3611A00DB1839 /* Img */,
				31D7956720E3611200DB1839 /* Lib */,
			);
			path = Resources;
			sourceTree = "<group>";
		};
		3137864420E1D98500DB91CF /* Project */ = {
			isa = PBXGroup;
			children = (
				3137864720E1D9D200DB91CF /* ProjectController */,
				3137864620E1D9CA00DB91CF /* ProjectModel */,
				3137864520E1D99300DB91CF /* ProjectView */,
			);
			path = Project;
			sourceTree = "<group>";
		};
		3137864520E1D99300DB91CF /* ProjectView */ = {
			isa = PBXGroup;
			children = (
				31D7957A20E397FA00DB1839 /* HomePage */,
				31513C9020E627210056ECB3 /* MyInfo */,
			);
			path = ProjectView;
			sourceTree = "<group>";
		};
		3137864620E1D9CA00DB91CF /* ProjectModel */ = {
			isa = PBXGroup;
			children = (
			);
			path = ProjectModel;
			sourceTree = "<group>";
		};
		3137864720E1D9D200DB91CF /* ProjectController */ = {
			isa = PBXGroup;
			children = (
				3137864F20E1DD9900DB91CF /* HomePage */,
				31D7958020E3A42500DB1839 /* Hobby */,
				31D7957F20E3A41000DB1839 /* Message */,
				31D7957E20E3A3FB00DB1839 /* MyInfo */,
			);
			path = ProjectController;
			sourceTree = "<group>";
		};
		3137864F20E1DD9900DB91CF /* HomePage */ = {
			isa = PBXGroup;
			children = (
				3137865620E1DE5800DB91CF /* Index_VC.h */,
				3137865720E1DE5800DB91CF /* Index_VC.m */,
			);
			path = HomePage;
			sourceTree = "<group>";
		};
		3137865920E1DE8700DB91CF /* PublicMothed */ = {
			isa = PBXGroup;
			children = (
				31D7956A20E3727000DB1839 /* PublicCreateUI.h */,
				31D7956920E3726F00DB1839 /* PublicCreateUI.m */,
				3137865A20E1E04A00DB91CF /* PublicMethod.h */,
				3137865B20E1E04A00DB91CF /* PublicMethod.m */,
				31513C5220E5FE6E0056ECB3 /* PublicRequest.h */,
				31513C5320E5FE6E0056ECB3 /* PublicRequest.m */,
			);
			path = PublicMothed;
			sourceTree = "<group>";
		};
		31513B4920E5C0750056ECB3 /* IQKeyboardManager */ = {
			isa = PBXGroup;
			children = (
				31513B4A20E5C0750056ECB3 /* IQTextView */,
				31513B4D20E5C0750056ECB3 /* IQToolbar */,
				31513B5820E5C0750056ECB3 /* Constants */,
				31513B5B20E5C0750056ECB3 /* Resources */,
				31513B5D20E5C0750056ECB3 /* IQKeyboardReturnKeyHandler.h */,
				31513B5E20E5C0750056ECB3 /* IQKeyboardManager.h */,
				31513B5F20E5C0750056ECB3 /* IQKeyboardManager.m */,
				31513B6020E5C0750056ECB3 /* Categories */,
				31513B6D20E5C0750056ECB3 /* IQKeyboardReturnKeyHandler.m */,
			);
			path = IQKeyboardManager;
			sourceTree = "<group>";
		};
		31513B4A20E5C0750056ECB3 /* IQTextView */ = {
			isa = PBXGroup;
			children = (
				31513B4B20E5C0750056ECB3 /* IQTextView.m */,
				31513B4C20E5C0750056ECB3 /* IQTextView.h */,
			);
			path = IQTextView;
			sourceTree = "<group>";
		};
		31513B4D20E5C0750056ECB3 /* IQToolbar */ = {
			isa = PBXGroup;
			children = (
				31513B4E20E5C0750056ECB3 /* IQUIView+IQKeyboardToolbar.h */,
				31513B4F20E5C0750056ECB3 /* IQToolbar.m */,
				31513B5020E5C0750056ECB3 /* IQPreviousNextView.h */,
				31513B5120E5C0750056ECB3 /* IQTitleBarButtonItem.m */,
				31513B5220E5C0750056ECB3 /* IQBarButtonItem.m */,
				31513B5320E5C0750056ECB3 /* IQUIView+IQKeyboardToolbar.m */,
				31513B5420E5C0750056ECB3 /* IQPreviousNextView.m */,
				31513B5520E5C0750056ECB3 /* IQToolbar.h */,
				31513B5620E5C0750056ECB3 /* IQBarButtonItem.h */,
				31513B5720E5C0750056ECB3 /* IQTitleBarButtonItem.h */,
			);
			path = IQToolbar;
			sourceTree = "<group>";
		};
		31513B5820E5C0750056ECB3 /* Constants */ = {
			isa = PBXGroup;
			children = (
				31513B5920E5C0750056ECB3 /* IQKeyboardManagerConstantsInternal.h */,
				31513B5A20E5C0750056ECB3 /* IQKeyboardManagerConstants.h */,
			);
			path = Constants;
			sourceTree = "<group>";
		};
		31513B5B20E5C0750056ECB3 /* Resources */ = {
			isa = PBXGroup;
			children = (
				31513B5C20E5C0750056ECB3 /* IQKeyboardManager.bundle */,
			);
			path = Resources;
			sourceTree = "<group>";
		};
		31513B6020E5C0750056ECB3 /* Categories */ = {
			isa = PBXGroup;
			children = (
				31513B6120E5C0750056ECB3 /* IQNSArray+Sort.m */,
				31513B6220E5C0750056ECB3 /* IQUIWindow+Hierarchy.m */,
				31513B6320E5C0750056ECB3 /* IQUIViewController+Additions.h */,
				31513B6420E5C0750056ECB3 /* IQUITextFieldView+Additions.m */,
				31513B6520E5C0750056ECB3 /* IQUIScrollView+Additions.m */,
				31513B6620E5C0750056ECB3 /* IQUIView+Hierarchy.m */,
				31513B6720E5C0750056ECB3 /* IQUIWindow+Hierarchy.h */,
				31513B6820E5C0750056ECB3 /* IQNSArray+Sort.h */,
				31513B6920E5C0750056ECB3 /* IQUIScrollView+Additions.h */,
				31513B6A20E5C0750056ECB3 /* IQUITextFieldView+Additions.h */,
				31513B6B20E5C0750056ECB3 /* IQUIViewController+Additions.m */,
				31513B6C20E5C0750056ECB3 /* IQUIView+Hierarchy.h */,
			);
			path = Categories;
			sourceTree = "<group>";
		};
		31513B7D20E5C0990056ECB3 /* AFNetworking */ = {
			isa = PBXGroup;
			children = (
				31513B7E20E5C0990056ECB3 /* AFSecurityPolicy.h */,
				31513B7F20E5C0990056ECB3 /* AFNetworkReachabilityManager.h */,
				31513B8020E5C0990056ECB3 /* AFHTTPRequestOperation.h */,
				31513B8120E5C0990056ECB3 /* AFHTTPRequestOperationManager.h */,
				31513B8220E5C0990056ECB3 /* AFURLSessionManager.h */,
				31513B8320E5C0990056ECB3 /* AFURLRequestSerialization.h */,
				31513B8420E5C0990056ECB3 /* AFURLConnectionOperation.h */,
				31513B8520E5C0990056ECB3 /* AFURLResponseSerialization.m */,
				31513B8620E5C0990056ECB3 /* AFHTTPSessionManager.m */,
				31513B8720E5C0990056ECB3 /* AFURLConnectionOperation.m */,
				31513B8820E5C0990056ECB3 /* AFURLResponseSerialization.h */,
				31513B8920E5C0990056ECB3 /* AFURLSessionManager.m */,
				31513B8A20E5C0990056ECB3 /* AFHTTPRequestOperationManager.m */,
				31513B8B20E5C0990056ECB3 /* AFURLRequestSerialization.m */,
				31513B8C20E5C0990056ECB3 /* AFHTTPRequestOperation.m */,
				31513B8D20E5C0990056ECB3 /* AFNetworking.h */,
				31513B8E20E5C0990056ECB3 /* AFNetworkReachabilityManager.m */,
				31513B8F20E5C0990056ECB3 /* AFSecurityPolicy.m */,
				31513B9020E5C0990056ECB3 /* UIKit+AFNetworking */,
				31513BA220E5C0990056ECB3 /* AFHTTPSessionManager.h */,
			);
			path = AFNetworking;
			sourceTree = "<group>";
		};
		31513B9020E5C0990056ECB3 /* UIKit+AFNetworking */ = {
			isa = PBXGroup;
			children = (
				31513B9120E5C0990056ECB3 /* UIAlertView+AFNetworking.m */,
				31513B9220E5C0990056ECB3 /* UIProgressView+AFNetworking.m */,
				31513B9320E5C0990056ECB3 /* UIButton+AFNetworking.h */,
				31513B9420E5C0990056ECB3 /* UIRefreshControl+AFNetworking.m */,
				31513B9520E5C0990056ECB3 /* UIImageView+AFNetworking.h */,
				31513B9620E5C0990056ECB3 /* AFNetworkActivityIndicatorManager.m */,
				31513B9720E5C0990056ECB3 /* UIWebView+AFNetworking.h */,
				31513B9820E5C0990056ECB3 /* UIActivityIndicatorView+AFNetworking.h */,
				31513B9920E5C0990056ECB3 /* UIAlertView+AFNetworking.h */,
				31513B9A20E5C0990056ECB3 /* UIProgressView+AFNetworking.h */,
				31513B9B20E5C0990056ECB3 /* UIImageView+AFNetworking.m */,
				31513B9C20E5C0990056ECB3 /* UIKit+AFNetworking.h */,
				31513B9D20E5C0990056ECB3 /* UIRefreshControl+AFNetworking.h */,
				31513B9E20E5C0990056ECB3 /* UIButton+AFNetworking.m */,
				31513B9F20E5C0990056ECB3 /* UIActivityIndicatorView+AFNetworking.m */,
				31513BA020E5C0990056ECB3 /* UIWebView+AFNetworking.m */,
				31513BA120E5C0990056ECB3 /* AFNetworkActivityIndicatorManager.h */,
			);
			path = "UIKit+AFNetworking";
			sourceTree = "<group>";
		};
		31513BC420E5C0B90056ECB3 /* Masonry */ = {
			isa = PBXGroup;
			children = (
				31513BC520E5C0B90056ECB3 /* MASCompositeConstraint.h */,
				31513BC620E5C0B90056ECB3 /* NSLayoutConstraint+MASDebugAdditions.m */,
				31513BC720E5C0B90056ECB3 /* MASConstraint+Private.h */,
				31513BC820E5C0B90056ECB3 /* MASLayoutConstraint.h */,
				31513BC920E5C0B90056ECB3 /* NSArray+MASShorthandAdditions.h */,
				31513BCA20E5C0B90056ECB3 /* MASConstraintMaker.h */,
				31513BCB20E5C0B90056ECB3 /* View+MASAdditions.h */,
				31513BCC20E5C0B90056ECB3 /* NSArray+MASAdditions.h */,
				31513BCD20E5C0B90056ECB3 /* MASUtilities.h */,
				31513BCE20E5C0B90056ECB3 /* MASViewAttribute.h */,
				31513BCF20E5C0B90056ECB3 /* ViewController+MASAdditions.m */,
				31513BD020E5C0B90056ECB3 /* MASViewConstraint.h */,
				31513BD120E5C0B90056ECB3 /* MASConstraint.h */,
				31513BD220E5C0B90056ECB3 /* NSLayoutConstraint+MASDebugAdditions.h */,
				31513BD320E5C0B90056ECB3 /* MASCompositeConstraint.m */,
				31513BD420E5C0B90056ECB3 /* MASConstraintMaker.m */,
				31513BD520E5C0B90056ECB3 /* MASLayoutConstraint.m */,
				31513BD620E5C0B90056ECB3 /* NSArray+MASAdditions.m */,
				31513BD720E5C0B90056ECB3 /* View+MASAdditions.m */,
				31513BD820E5C0B90056ECB3 /* View+MASShorthandAdditions.h */,
				31513BD920E5C0B90056ECB3 /* Masonry.h */,
				31513BDA20E5C0B90056ECB3 /* MASConstraint.m */,
				31513BDB20E5C0B90056ECB3 /* ViewController+MASAdditions.h */,
				31513BDC20E5C0B90056ECB3 /* MASViewConstraint.m */,
				31513BDD20E5C0B90056ECB3 /* MASViewAttribute.m */,
				31513BDE20E5C0B90056ECB3 /* Info.plist */,
			);
			path = Masonry;
			sourceTree = "<group>";
		};
		31513C9020E627210056ECB3 /* MyInfo */ = {
			isa = PBXGroup;
			children = (
				31513C9120E627650056ECB3 /* MyHeadInfoView.h */,
				31513C9220E627650056ECB3 /* MyHeadInfoView.m */,
				31513C9420E630490056ECB3 /* MyHeadTouchView.h */,
				31513C9520E630490056ECB3 /* MyHeadTouchView.m */,
			);
			path = MyInfo;
			sourceTree = "<group>";
		};
		315B61FE20E4895400FE65FD /* NavBarHidden */ = {
			isa = PBXGroup;
			children = (
				315B620020E4897900FE65FD /* UIViewController+NavBarHidden.h */,
				315B61FF20E4897900FE65FD /* UIViewController+NavBarHidden.m */,
			);
			path = NavBarHidden;
			sourceTree = "<group>";
		};
		315B620520E4BFA300FE65FD /* CollectionView */ = {
			isa = PBXGroup;
			children = (
				31A8301120E4C13F00089F89 /* CollectionViewFlowLayout.h */,
				31A8301020E4C13F00089F89 /* CollectionViewFlowLayout.m */,
			);
			path = CollectionView;
			sourceTree = "<group>";
		};
		31D7956720E3611200DB1839 /* Lib */ = {
			isa = PBXGroup;
			children = (
				31513BC420E5C0B90056ECB3 /* Masonry */,
				31513B7D20E5C0990056ECB3 /* AFNetworking */,
				31513B4920E5C0750056ECB3 /* IQKeyboardManager */,
				315B620520E4BFA300FE65FD /* CollectionView */,
				315B61FE20E4895400FE65FD /* NavBarHidden */,
			);
			path = Lib;
			sourceTree = "<group>";
		};
		31D7956820E3611A00DB1839 /* Img */ = {
			isa = PBXGroup;
			children = (
				31A8301320E4D32E00089F89 /* myHeadImg.png */,
				31D7956C20E3773700DB1839 /* HomePage */,
			);
			path = Img;
			sourceTree = "<group>";
		};
		31D7956C20E3773700DB1839 /* HomePage */ = {
			isa = PBXGroup;
			children = (
				31513C8E20E627060056ECB3 /* headInfo.png */,
				31D7957320E37A7300DB1839 /* tabbar.png */,
				31D7957120E37A7300DB1839 /* tabbar@2x.png */,
				31D7957220E37A7300DB1839 /* tabbar@3x.png */,
				31D7956E20E3775E00DB1839 /* addImg.png */,
			);
			path = HomePage;
			sourceTree = "<group>";
		};
		31D7957A20E397FA00DB1839 /* HomePage */ = {
			isa = PBXGroup;
			children = (
				31D7957B20E3984100DB1839 /* IndexNavTitleView.h */,
				31D7957C20E3984100DB1839 /* IndexNavTitleView.m */,
			);
			path = HomePage;
			sourceTree = "<group>";
		};
		31D7957E20E3A3FB00DB1839 /* MyInfo */ = {
			isa = PBXGroup;
			children = (
				31D7958120E3A46300DB1839 /* MyInfo_VC.h */,
				31D7958220E3A46300DB1839 /* MyInfo_VC.m */,
			);
			path = MyInfo;
			sourceTree = "<group>";
		};
		31D7957F20E3A41000DB1839 /* Message */ = {
			isa = PBXGroup;
			children = (
				31EFF83020EA1F2200D6A98A /* MessageCenter_VC.h */,
				31EFF83120EA1F2200D6A98A /* MessageCenter_VC.m */,
			);
			path = Message;
			sourceTree = "<group>";
		};
		31D7958020E3A42500DB1839 /* Hobby */ = {
			isa = PBXGroup;
			children = (
				31EFF83320EA1F5500D6A98A /* HobbyCenter_VC.h */,
				31EFF83420EA1F5500D6A98A /* HobbyCenter_VC.m */,
			);
			path = Hobby;
			sourceTree = "<group>";
		};
/* End PBXGroup section */

/* Begin PBXNativeTarget section */
		07EE841320E0F47F00D9C9A6 /* EnjoyShow */ = {
			isa = PBXNativeTarget;
			buildConfigurationList = 07EE842A20E0F48200D9C9A6 /* Build configuration list for PBXNativeTarget "EnjoyShow" */;
			buildPhases = (
				07EE841020E0F47F00D9C9A6 /* Sources */,
				07EE841120E0F47F00D9C9A6 /* Frameworks */,
				07EE841220E0F47F00D9C9A6 /* Resources */,
			);
			buildRules = (
			);
			dependencies = (
			);
			name = EnjoyShow;
			productName = LittlePig;
			productReference = 07EE841420E0F47F00D9C9A6 /* EnjoyShow.app */;
			productType = "com.apple.product-type.application";
		};
/* End PBXNativeTarget section */

/* Begin PBXProject section */
		07EE840C20E0F47F00D9C9A6 /* Project object */ = {
			isa = PBXProject;
			attributes = {
				LastUpgradeCheck = 0940;
				ORGANIZATIONNAME = Riber;
				TargetAttributes = {
					07EE841320E0F47F00D9C9A6 = {
						CreatedOnToolsVersion = 9.4.1;
					};
				};
			};
			buildConfigurationList = 07EE840F20E0F47F00D9C9A6 /* Build configuration list for PBXProject "EnjoyShow" */;
			compatibilityVersion = "Xcode 9.3";
			developmentRegion = en;
			hasScannedForEncodings = 0;
			knownRegions = (
				en,
				Base,
			);
			mainGroup = 07EE840B20E0F47F00D9C9A6;
			productRefGroup = 07EE841520E0F47F00D9C9A6 /* Products */;
			projectDirPath = "";
			projectRoot = "";
			targets = (
				07EE841320E0F47F00D9C9A6 /* EnjoyShow */,
			);
		};
/* End PBXProject section */

/* Begin PBXResourcesBuildPhase section */
		07EE841220E0F47F00D9C9A6 /* Resources */ = {
			isa = PBXResourcesBuildPhase;
			buildActionMask = 2147483647;
			files = (
				07EE842420E0F48200D9C9A6 /* LaunchScreen.storyboard in Resources */,
				31513C8F20E627060056ECB3 /* headInfo.png in Resources */,
				31D7957420E37A7300DB1839 /* tabbar@2x.png in Resources */,
				31D7957020E3775E00DB1839 /* addImg.png in Resources */,
				31D7957520E37A7300DB1839 /* tabbar@3x.png in Resources */,
				31D7957620E37A7300DB1839 /* tabbar.png in Resources */,
				31A8301420E4D32E00089F89 /* myHeadImg.png in Resources */,
				07EE842120E0F48200D9C9A6 /* Assets.xcassets in Resources */,
				07EE841F20E0F47F00D9C9A6 /* Main.storyboard in Resources */,
				31513BE920E5C0B90056ECB3 /* Info.plist in Resources */,
				31513B7420E5C0750056ECB3 /* IQKeyboardManager.bundle in Resources */,
			);
			runOnlyForDeploymentPostprocessing = 0;
		};
/* End PBXResourcesBuildPhase section */

/* Begin PBXSourcesBuildPhase section */
		07EE841020E0F47F00D9C9A6 /* Sources */ = {
			isa = PBXSourcesBuildPhase;
			buildActionMask = 2147483647;
			files = (
				31513B7920E5C0750056ECB3 /* IQUIScrollView+Additions.m in Sources */,
				31513B7820E5C0750056ECB3 /* IQUITextFieldView+Additions.m in Sources */,
				31EFF83220EA1F2200D6A98A /* MessageCenter_VC.m in Sources */,
				31513BDF20E5C0B90056ECB3 /* NSLayoutConstraint+MASDebugAdditions.m in Sources */,
				31513BE720E5C0B90056ECB3 /* MASViewConstraint.m in Sources */,
				31513B6E20E5C0750056ECB3 /* IQTextView.m in Sources */,
				31513B7520E5C0750056ECB3 /* IQKeyboardManager.m in Sources */,
				31513B7A20E5C0750056ECB3 /* IQUIView+Hierarchy.m in Sources */,
				31513BA520E5C0990056ECB3 /* AFURLConnectionOperation.m in Sources */,
				31513BB320E5C0990056ECB3 /* UIWebView+AFNetworking.m in Sources */,
				31513BE320E5C0B90056ECB3 /* MASLayoutConstraint.m in Sources */,
				31513BB220E5C0990056ECB3 /* UIActivityIndicatorView+AFNetworking.m in Sources */,
				31513BE120E5C0B90056ECB3 /* MASCompositeConstraint.m in Sources */,
				31D7958320E3A46300DB1839 /* MyInfo_VC.m in Sources */,
				3137865C20E1E04A00DB91CF /* PublicMethod.m in Sources */,
				31513B7C20E5C0750056ECB3 /* IQKeyboardReturnKeyHandler.m in Sources */,
				31513B7620E5C0750056ECB3 /* IQNSArray+Sort.m in Sources */,
				315B620120E4897900FE65FD /* UIViewController+NavBarHidden.m in Sources */,
				31513BB020E5C0990056ECB3 /* UIImageView+AFNetworking.m in Sources */,
				07EE842720E0F48200D9C9A6 /* main.m in Sources */,
				31513C9320E627650056ECB3 /* MyHeadInfoView.m in Sources */,
				31513BAC20E5C0990056ECB3 /* UIAlertView+AFNetworking.m in Sources */,
				31513BE220E5C0B90056ECB3 /* MASConstraintMaker.m in Sources */,
				31A8301220E4C13F00089F89 /* CollectionViewFlowLayout.m in Sources */,
				31513B7120E5C0750056ECB3 /* IQBarButtonItem.m in Sources */,
				31513B7720E5C0750056ECB3 /* IQUIWindow+Hierarchy.m in Sources */,
				31EFF83520EA1F5500D6A98A /* HobbyCenter_VC.m in Sources */,
				31513C5420E5FE6E0056ECB3 /* PublicRequest.m in Sources */,
				31513BA620E5C0990056ECB3 /* AFURLSessionManager.m in Sources */,
				3137865520E1DE0100DB91CF /* FatherTableView_VC.m in Sources */,
				31513BE520E5C0B90056ECB3 /* View+MASAdditions.m in Sources */,
				31513B7320E5C0750056ECB3 /* IQPreviousNextView.m in Sources */,
				31513BE820E5C0B90056ECB3 /* MASViewAttribute.m in Sources */,
				3137865820E1DE5800DB91CF /* Index_VC.m in Sources */,
				31D7957D20E3984100DB1839 /* IndexNavTitleView.m in Sources */,
				31513BA720E5C0990056ECB3 /* AFHTTPRequestOperationManager.m in Sources */,
				31513C9620E630490056ECB3 /* MyHeadTouchView.m in Sources */,
				31513BAB20E5C0990056ECB3 /* AFSecurityPolicy.m in Sources */,
				31513BA920E5C0990056ECB3 /* AFHTTPRequestOperation.m in Sources */,
				31513B6F20E5C0750056ECB3 /* IQToolbar.m in Sources */,
				31513BA420E5C0990056ECB3 /* AFHTTPSessionManager.m in Sources */,
				31513BA820E5C0990056ECB3 /* AFURLRequestSerialization.m in Sources */,
				31513BA320E5C0990056ECB3 /* AFURLResponseSerialization.m in Sources */,
				31513BE620E5C0B90056ECB3 /* MASConstraint.m in Sources */,
				31513BE020E5C0B90056ECB3 /* ViewController+MASAdditions.m in Sources */,
				31513B7020E5C0750056ECB3 /* IQTitleBarButtonItem.m in Sources */,
				31D7956B20E3727000DB1839 /* PublicCreateUI.m in Sources */,
				31513BAE20E5C0990056ECB3 /* UIRefreshControl+AFNetworking.m in Sources */,
				31513BAD20E5C0990056ECB3 /* UIProgressView+AFNetworking.m in Sources */,
				31513BAA20E5C0990056ECB3 /* AFNetworkReachabilityManager.m in Sources */,
				3137865220E1DDE600DB91CF /* FatherView_VC.m in Sources */,
				31513B7B20E5C0750056ECB3 /* IQUIViewController+Additions.m in Sources */,
				31513BAF20E5C0990056ECB3 /* AFNetworkActivityIndicatorManager.m in Sources */,
				31513BB120E5C0990056ECB3 /* UIButton+AFNetworking.m in Sources */,
				31513B7220E5C0750056ECB3 /* IQUIView+IQKeyboardToolbar.m in Sources */,
				31513BE420E5C0B90056ECB3 /* NSArray+MASAdditions.m in Sources */,
				07EE841920E0F47F00D9C9A6 /* AppDelegate.m in Sources */,
				31D7958620E3A49F00DB1839 /* Tabbar_VC.m in Sources */,
			);
			runOnlyForDeploymentPostprocessing = 0;
		};
/* End PBXSourcesBuildPhase section */

/* Begin PBXVariantGroup section */
		07EE841D20E0F47F00D9C9A6 /* Main.storyboard */ = {
			isa = PBXVariantGroup;
			children = (
				07EE841E20E0F47F00D9C9A6 /* Base */,
			);
			name = Main.storyboard;
			sourceTree = "<group>";
		};
		07EE842220E0F48200D9C9A6 /* LaunchScreen.storyboard */ = {
			isa = PBXVariantGroup;
			children = (
				07EE842320E0F48200D9C9A6 /* Base */,
			);
			name = LaunchScreen.storyboard;
			sourceTree = "<group>";
		};
/* End PBXVariantGroup section */

/* Begin XCBuildConfiguration section */
		07EE842820E0F48200D9C9A6 /* Debug */ = {
			isa = XCBuildConfiguration;
			buildSettings = {
				ALWAYS_SEARCH_USER_PATHS = NO;
				CLANG_ANALYZER_NONNULL = YES;
				CLANG_ANALYZER_NUMBER_OBJECT_CONVERSION = YES_AGGRESSIVE;
				CLANG_CXX_LANGUAGE_STANDARD = "gnu++14";
				CLANG_CXX_LIBRARY = "libc++";
				CLANG_ENABLE_MODULES = YES;
				CLANG_ENABLE_OBJC_ARC = YES;
				CLANG_ENABLE_OBJC_WEAK = YES;
				CLANG_WARN_BLOCK_CAPTURE_AUTORELEASING = YES;
				CLANG_WARN_BOOL_CONVERSION = YES;
				CLANG_WARN_COMMA = YES;
				CLANG_WARN_CONSTANT_CONVERSION = YES;
				CLANG_WARN_DEPRECATED_OBJC_IMPLEMENTATIONS = YES;
				CLANG_WARN_DIRECT_OBJC_ISA_USAGE = YES_ERROR;
				CLANG_WARN_DOCUMENTATION_COMMENTS = YES;
				CLANG_WARN_EMPTY_BODY = YES;
				CLANG_WARN_ENUM_CONVERSION = YES;
				CLANG_WARN_INFINITE_RECURSION = YES;
				CLANG_WARN_INT_CONVERSION = YES;
				CLANG_WARN_NON_LITERAL_NULL_CONVERSION = YES;
				CLANG_WARN_OBJC_IMPLICIT_RETAIN_SELF = YES;
				CLANG_WARN_OBJC_LITERAL_CONVERSION = YES;
				CLANG_WARN_OBJC_ROOT_CLASS = YES_ERROR;
				CLANG_WARN_RANGE_LOOP_ANALYSIS = YES;
				CLANG_WARN_STRICT_PROTOTYPES = YES;
				CLANG_WARN_SUSPICIOUS_MOVE = YES;
				CLANG_WARN_UNGUARDED_AVAILABILITY = YES_AGGRESSIVE;
				CLANG_WARN_UNREACHABLE_CODE = YES;
				CLANG_WARN__DUPLICATE_METHOD_MATCH = YES;
				CODE_SIGN_IDENTITY = "iPhone Developer";
				COPY_PHASE_STRIP = NO;
				DEBUG_INFORMATION_FORMAT = dwarf;
				ENABLE_STRICT_OBJC_MSGSEND = YES;
				ENABLE_TESTABILITY = YES;
				GCC_C_LANGUAGE_STANDARD = gnu11;
				GCC_DYNAMIC_NO_PIC = NO;
				GCC_NO_COMMON_BLOCKS = YES;
				GCC_OPTIMIZATION_LEVEL = 0;
				GCC_PREPROCESSOR_DEFINITIONS = (
					"DEBUG=1",
					"$(inherited)",
				);
				GCC_WARN_64_TO_32_BIT_CONVERSION = YES;
				GCC_WARN_ABOUT_RETURN_TYPE = YES_ERROR;
				GCC_WARN_UNDECLARED_SELECTOR = YES;
				GCC_WARN_UNINITIALIZED_AUTOS = YES_AGGRESSIVE;
				GCC_WARN_UNUSED_FUNCTION = YES;
				GCC_WARN_UNUSED_VARIABLE = YES;
				IPHONEOS_DEPLOYMENT_TARGET = 11.4;
				MTL_ENABLE_DEBUG_INFO = YES;
				ONLY_ACTIVE_ARCH = YES;
				SDKROOT = iphoneos;
			};
			name = Debug;
		};
		07EE842920E0F48200D9C9A6 /* Release */ = {
			isa = XCBuildConfiguration;
			buildSettings = {
				ALWAYS_SEARCH_USER_PATHS = NO;
				CLANG_ANALYZER_NONNULL = YES;
				CLANG_ANALYZER_NUMBER_OBJECT_CONVERSION = YES_AGGRESSIVE;
				CLANG_CXX_LANGUAGE_STANDARD = "gnu++14";
				CLANG_CXX_LIBRARY = "libc++";
				CLANG_ENABLE_MODULES = YES;
				CLANG_ENABLE_OBJC_ARC = YES;
				CLANG_ENABLE_OBJC_WEAK = YES;
				CLANG_WARN_BLOCK_CAPTURE_AUTORELEASING = YES;
				CLANG_WARN_BOOL_CONVERSION = YES;
				CLANG_WARN_COMMA = YES;
				CLANG_WARN_CONSTANT_CONVERSION = YES;
				CLANG_WARN_DEPRECATED_OBJC_IMPLEMENTATIONS = YES;
				CLANG_WARN_DIRECT_OBJC_ISA_USAGE = YES_ERROR;
				CLANG_WARN_DOCUMENTATION_COMMENTS = YES;
				CLANG_WARN_EMPTY_BODY = YES;
				CLANG_WARN_ENUM_CONVERSION = YES;
				CLANG_WARN_INFINITE_RECURSION = YES;
				CLANG_WARN_INT_CONVERSION = YES;
				CLANG_WARN_NON_LITERAL_NULL_CONVERSION = YES;
				CLANG_WARN_OBJC_IMPLICIT_RETAIN_SELF = YES;
				CLANG_WARN_OBJC_LITERAL_CONVERSION = YES;
				CLANG_WARN_OBJC_ROOT_CLASS = YES_ERROR;
				CLANG_WARN_RANGE_LOOP_ANALYSIS = YES;
				CLANG_WARN_STRICT_PROTOTYPES = YES;
				CLANG_WARN_SUSPICIOUS_MOVE = YES;
				CLANG_WARN_UNGUARDED_AVAILABILITY = YES_AGGRESSIVE;
				CLANG_WARN_UNREACHABLE_CODE = YES;
				CLANG_WARN__DUPLICATE_METHOD_MATCH = YES;
				CODE_SIGN_IDENTITY = "iPhone Developer";
				COPY_PHASE_STRIP = NO;
				DEBUG_INFORMATION_FORMAT = "dwarf-with-dsym";
				ENABLE_NS_ASSERTIONS = NO;
				ENABLE_STRICT_OBJC_MSGSEND = YES;
				GCC_C_LANGUAGE_STANDARD = gnu11;
				GCC_NO_COMMON_BLOCKS = YES;
				GCC_WARN_64_TO_32_BIT_CONVERSION = YES;
				GCC_WARN_ABOUT_RETURN_TYPE = YES_ERROR;
				GCC_WARN_UNDECLARED_SELECTOR = YES;
				GCC_WARN_UNINITIALIZED_AUTOS = YES_AGGRESSIVE;
				GCC_WARN_UNUSED_FUNCTION = YES;
				GCC_WARN_UNUSED_VARIABLE = YES;
				IPHONEOS_DEPLOYMENT_TARGET = 11.4;
				MTL_ENABLE_DEBUG_INFO = NO;
				SDKROOT = iphoneos;
				VALIDATE_PRODUCT = YES;
			};
			name = Release;
		};
		07EE842B20E0F48200D9C9A6 /* Debug */ = {
			isa = XCBuildConfiguration;
			buildSettings = {
				ASSETCATALOG_COMPILER_APPICON_NAME = AppIcon;
				CODE_SIGN_STYLE = Automatic;
				DEVELOPMENT_TEAM = A4469M52X4;
				GCC_PREFIX_HEADER = "$(SRCROOT)/LittlePig/PrefixHeader.pch";
				INFOPLIST_FILE = LittlePig/Info.plist;
				IPHONEOS_DEPLOYMENT_TARGET = 9.0;
				LD_RUNPATH_SEARCH_PATHS = (
					"$(inherited)",
					"@executable_path/Frameworks",
				);
				PRODUCT_BUNDLE_IDENTIFIER = dounion.door;
				PRODUCT_NAME = "$(TARGET_NAME)";
				TARGETED_DEVICE_FAMILY = "1,2";
			};
			name = Debug;
		};
		07EE842C20E0F48200D9C9A6 /* Release */ = {
			isa = XCBuildConfiguration;
			buildSettings = {
				ASSETCATALOG_COMPILER_APPICON_NAME = AppIcon;
				CODE_SIGN_STYLE = Automatic;
				DEVELOPMENT_TEAM = A4469M52X4;
				GCC_PREFIX_HEADER = "$(SRCROOT)/LittlePig/PrefixHeader.pch";
				INFOPLIST_FILE = LittlePig/Info.plist;
				IPHONEOS_DEPLOYMENT_TARGET = 9.0;
				LD_RUNPATH_SEARCH_PATHS = (
					"$(inherited)",
					"@executable_path/Frameworks",
				);
				PRODUCT_BUNDLE_IDENTIFIER = dounion.door;
				PRODUCT_NAME = "$(TARGET_NAME)";
				TARGETED_DEVICE_FAMILY = "1,2";
			};
			name = Release;
		};
/* End XCBuildConfiguration section */

/* Begin XCConfigurationList section */
		07EE840F20E0F47F00D9C9A6 /* Build configuration list for PBXProject "EnjoyShow" */ = {
			isa = XCConfigurationList;
			buildConfigurations = (
				07EE842820E0F48200D9C9A6 /* Debug */,
				07EE842920E0F48200D9C9A6 /* Release */,
			);
			defaultConfigurationIsVisible = 0;
			defaultConfigurationName = Release;
		};
		07EE842A20E0F48200D9C9A6 /* Build configuration list for PBXNativeTarget "EnjoyShow" */ = {
			isa = XCConfigurationList;
			buildConfigurations = (
				07EE842B20E0F48200D9C9A6 /* Debug */,
				07EE842C20E0F48200D9C9A6 /* Release */,
			);
			defaultConfigurationIsVisible = 0;
			defaultConfigurationName = Release;
		};
/* End XCConfigurationList section */
	};
	rootObject = 07EE840C20E0F47F00D9C9A6 /* Project object */;
}
